
Microsoft Visual Studio Solution File, Format Version 12.00
# Visual Studio Version 17
VisualStudioVersion = 17.7.34202.233
MinimumVisualStudioVersion = 10.0.40219.1
Project("{FAE04EC0-301F-11D3-BF4B-00C04F79EFBC}") = "SystemPag", "SystemPag.csproj", "{F87D2D2E-1D7E-4229-B7D3-82A71A1DBB17}"
EndProject
Global
	GlobalSection(SolutionConfigurationPlatforms) = preSolution
		Debug|Any CPU = Debug|Any CPU
		Release|Any CPU = Release|Any CPU
	EndGlobalSection
	GlobalSection(ProjectConfigurationPlatforms) = postSolution
		{F87D2D2E-1D7E-4229-B7D3-82A71A1DBB17}.Debug|Any CPU.ActiveCfg = Debug|Any CPU
		{F87D2D2E-1D7E-4229-B7D3-82A71A1DBB17}.Debug|Any CPU.Build.0 = Debug|Any CPU
		{F87D2D2E-1D7E-4229-B7D3-82A71A1DBB17}.Release|Any CPU.ActiveCfg = Release|Any CPU
		{F87D2D2E-1D7E-4229-B7D3-82A71A1DBB17}.Release|Any CPU.Build.0 = Release|Any CPU
	EndGlobalSection
	GlobalSection(SolutionProperties) = preSolution
		HideSolutionNode = FALSE
	EndGlobalSection
	GlobalSection(ExtensibilityGlobals) = postSolution
		SolutionGuid = {0DFBBC3D-988A-46A2-BE48-1B12A148CA34}
	EndGlobalSection
EndGlobal
